
Microsoft Visual Studio Solution File, Format Version 12.00
# Visual Studio Version 17
VisualStudioVersion = 17.9.34728.123
MinimumVisualStudioVersion = 10.0.40219.1
Project("{FAE04EC0-301F-11D3-BF4B-00C04F79EFBC}") = "MovieLibrary", "MovieLibrary.csproj", "{EBF70856-94DD-4338-A58B-B472342A4974}"
EndProject
Global
	GlobalSection(SolutionConfigurationPlatforms) = preSolution
		Debug|Any CPU = Debug|Any CPU
		Release|Any CPU = Release|Any CPU
	EndGlobalSection
	GlobalSection(ProjectConfigurationPlatforms) = postSolution
		{EBF70856-94DD-4338-A58B-B472342A4974}.Debug|Any CPU.ActiveCfg = Debug|Any CPU
		{EBF70856-94DD-4338-A58B-B472342A4974}.Debug|Any CPU.Build.0 = Debug|Any CPU
		{EBF70856-94DD-4338-A58B-B472342A4974}.Release|Any CPU.ActiveCfg = Release|Any CPU
		{EBF70856-94DD-4338-A58B-B472342A4974}.Release|Any CPU.Build.0 = Release|Any CPU
	EndGlobalSection
	GlobalSection(SolutionProperties) = preSolution
		HideSolutionNode = FALSE
	EndGlobalSection
	GlobalSection(ExtensibilityGlobals) = postSolution
		SolutionGuid = {9A3586F4-6674-4EA2-BA81-433009701599}
	EndGlobalSection
EndGlobal
